
Microsoft Visual Studio Solution File, Format Version 12.00
# Visual Studio Version 17
VisualStudioVersion = 17.5.33627.172
MinimumVisualStudioVersion = 10.0.40219.1
Project("{FAE04EC0-301F-11D3-BF4B-00C04F79EFBC}") = "TFG_Salty.Client", "TFG_Salty\Client\TFG_Salty.Client.csproj", "{C135E619-DA7D-4447-8D86-548DA9FBB12F}"
EndProject
Project("{FAE04EC0-301F-11D3-BF4B-00C04F79EFBC}") = "TFG_Salty.Server", "TFG_Salty\Server\TFG_Salty.Server.csproj", "{19ABD451-E129-45C6-B6DC-8D6ACB70933F}"
EndProject
Project("{FAE04EC0-301F-11D3-BF4B-00C04F79EFBC}") = "TFG_Salty.Shared", "TFG_Salty\Shared\TFG_Salty.Shared.csproj", "{5FA96B2D-5758-4BE3-93FA-78088F84CE2A}"
EndProject
Global
	GlobalSection(SolutionConfigurationPlatforms) = preSolution
		Debug|Any CPU = Debug|Any CPU
		Release|Any CPU = Release|Any CPU
	EndGlobalSection
	GlobalSection(ProjectConfigurationPlatforms) = postSolution
		{C135E619-DA7D-4447-8D86-548DA9FBB12F}.Debug|Any CPU.ActiveCfg = Debug|Any CPU
		{C135E619-DA7D-4447-8D86-548DA9FBB12F}.Debug|Any CPU.Build.0 = Debug|Any CPU
		{C135E619-DA7D-4447-8D86-548DA9FBB12F}.Release|Any CPU.ActiveCfg = Release|Any CPU
		{C135E619-DA7D-4447-8D86-548DA9FBB12F}.Release|Any CPU.Build.0 = Release|Any CPU
		{19ABD451-E129-45C6-B6DC-8D6ACB70933F}.Debug|Any CPU.ActiveCfg = Debug|Any CPU
		{19ABD451-E129-45C6-B6DC-8D6ACB70933F}.Debug|Any CPU.Build.0 = Debug|Any CPU
		{19ABD451-E129-45C6-B6DC-8D6ACB70933F}.Release|Any CPU.ActiveCfg = Release|Any CPU
		{19ABD451-E129-45C6-B6DC-8D6ACB70933F}.Release|Any CPU.Build.0 = Release|Any CPU
		{5FA96B2D-5758-4BE3-93FA-78088F84CE2A}.Debug|Any CPU.ActiveCfg = Debug|Any CPU
		{5FA96B2D-5758-4BE3-93FA-78088F84CE2A}.Debug|Any CPU.Build.0 = Debug|Any CPU
		{5FA96B2D-5758-4BE3-93FA-78088F84CE2A}.Release|Any CPU.ActiveCfg = Release|Any CPU
		{5FA96B2D-5758-4BE3-93FA-78088F84CE2A}.Release|Any CPU.Build.0 = Release|Any CPU
	EndGlobalSection
	GlobalSection(SolutionProperties) = preSolution
		HideSolutionNode = FALSE
	EndGlobalSection
	GlobalSection(ExtensibilityGlobals) = postSolution
		SolutionGuid = {5CB535EE-E79A-44D0-B277-5E3CC64EC9E6}
	EndGlobalSection
EndGlobal
